
Microsoft Visual Studio Solution File, Format Version 12.00
# Visual Studio 15
VisualStudioVersion = 15.0.27703.2000
MinimumVisualStudioVersion = 10.0.40219.1
Project("{FAE04EC0-301F-11D3-BF4B-00C04F79EFBC}") = "PropHuntV.Client", "PropHuntV.Client\PropHuntV.Client.csproj", "{4AB47725-0906-4ACB-8D4B-C4A33147F4C2}"
EndProject
Project("{FAE04EC0-301F-11D3-BF4B-00C04F79EFBC}") = "PropHuntV.Server", "PropHuntV.Server\PropHuntV.Server.csproj", "{0206AEC3-FDCC-4C99-A426-D7CA2E59DCCE}"
EndProject
Global
	GlobalSection(SolutionConfigurationPlatforms) = preSolution
		Debug|Any CPU = Debug|Any CPU
		Release|Any CPU = Release|Any CPU
	EndGlobalSection
	GlobalSection(ProjectConfigurationPlatforms) = postSolution
		{4AB47725-0906-4ACB-8D4B-C4A33147F4C2}.Debug|Any CPU.ActiveCfg = Debug|Any CPU
		{4AB47725-0906-4ACB-8D4B-C4A33147F4C2}.Debug|Any CPU.Build.0 = Debug|Any CPU
		{4AB47725-0906-4ACB-8D4B-C4A33147F4C2}.Release|Any CPU.ActiveCfg = Release|Any CPU
		{4AB47725-0906-4ACB-8D4B-C4A33147F4C2}.Release|Any CPU.Build.0 = Release|Any CPU
		{0206AEC3-FDCC-4C99-A426-D7CA2E59DCCE}.Debug|Any CPU.ActiveCfg = Debug|Any CPU
		{0206AEC3-FDCC-4C99-A426-D7CA2E59DCCE}.Debug|Any CPU.Build.0 = Debug|Any CPU
		{0206AEC3-FDCC-4C99-A426-D7CA2E59DCCE}.Release|Any CPU.ActiveCfg = Release|Any CPU
		{0206AEC3-FDCC-4C99-A426-D7CA2E59DCCE}.Release|Any CPU.Build.0 = Release|Any CPU
	EndGlobalSection
	GlobalSection(SolutionProperties) = preSolution
		HideSolutionNode = FALSE
	EndGlobalSection
	GlobalSection(ExtensibilityGlobals) = postSolution
		SolutionGuid = {23EC23AA-A866-4B25-8E37-4BA00FB08F7E}
	EndGlobalSection
EndGlobal
